// !$*UTF8*$!
{
	archiveVersion = 1;
	classes = {
	};
	objectVersion = 46;
	objects = {

/* Begin PBXBuildFile section */
		4E1AAD4E19870C2A00604D63 /* UserInfoTests.swift in Sources */ = {isa = PBXBuildFile; fileRef = 4E1AAD4D19870C2A00604D63 /* UserInfoTests.swift */; };
		4E1AAD5019870E7000604D63 /* AnswerTests.swift in Sources */ = {isa = PBXBuildFile; fileRef = 4E1AAD4F19870E7000604D63 /* AnswerTests.swift */; };
		4E1AAD5219870E7E00604D63 /* QuestionTests.swift in Sources */ = {isa = PBXBuildFile; fileRef = 4E1AAD5119870E7E00604D63 /* QuestionTests.swift */; };
		4E1AAD5419870EC900604D63 /* answer-mock.json in Resources */ = {isa = PBXBuildFile; fileRef = 4E1AAD5319870EC900604D63 /* answer-mock.json */; };
		4E378DCF1986DC3A000B71A2 /* AppDelegate.swift in Sources */ = {isa = PBXBuildFile; fileRef = 4E378DCE1986DC3A000B71A2 /* AppDelegate.swift */; };
		4E378DD11986DC3A000B71A2 /* ViewController.swift in Sources */ = {isa = PBXBuildFile; fileRef = 4E378DD01986DC3A000B71A2 /* ViewController.swift */; };
		4E378DD41986DC3A000B71A2 /* Main.storyboard in Resources */ = {isa = PBXBuildFile; fileRef = 4E378DD21986DC3A000B71A2 /* Main.storyboard */; };
		4E378DD61986DC3A000B71A2 /* Images.xcassets in Resources */ = {isa = PBXBuildFile; fileRef = 4E378DD51986DC3A000B71A2 /* Images.xcassets */; };
		4E378DED1986DDE3000B71A2 /* Question.swift in Sources */ = {isa = PBXBuildFile; fileRef = 4E378DEC1986DDE3000B71A2 /* Question.swift */; };
		4E378DEF1986DE9F000B71A2 /* StackoverflowTests.swift in Sources */ = {isa = PBXBuildFile; fileRef = 4E378DEE1986DE9F000B71A2 /* StackoverflowTests.swift */; };
		4E378DF01986E01A000B71A2 /* Question.swift in Sources */ = {isa = PBXBuildFile; fileRef = 4E378DEC1986DDE3000B71A2 /* Question.swift */; };
		4E378DF21986E0E5000B71A2 /* UserInfo.swift in Sources */ = {isa = PBXBuildFile; fileRef = 4E378DF11986E0E5000B71A2 /* UserInfo.swift */; };
		4E378DF41986E0FC000B71A2 /* Answer.swift in Sources */ = {isa = PBXBuildFile; fileRef = 4E378DF31986E0FC000B71A2 /* Answer.swift */; };
		4E378DF71986E501000B71A2 /* UserInfo.swift in Sources */ = {isa = PBXBuildFile; fileRef = 4E378DF11986E0E5000B71A2 /* UserInfo.swift */; };
		4E378DF91986E97F000B71A2 /* question-mock.json in Resources */ = {isa = PBXBuildFile; fileRef = 4E378DF81986E97F000B71A2 /* question-mock.json */; };
		4E378DFA1986E97F000B71A2 /* question-mock.json in Resources */ = {isa = PBXBuildFile; fileRef = 4E378DF81986E97F000B71A2 /* question-mock.json */; };
		4E378DFC1986F7E7000B71A2 /* Stackoverflow.swift in Sources */ = {isa = PBXBuildFile; fileRef = 4E378DFB1986F7E7000B71A2 /* Stackoverflow.swift */; };
		4E378DFD1986F831000B71A2 /* Stackoverflow.swift in Sources */ = {isa = PBXBuildFile; fileRef = 4E378DFB1986F7E7000B71A2 /* Stackoverflow.swift */; };
/* End PBXBuildFile section */

/* Begin PBXContainerItemProxy section */
		4E378DDC1986DC3A000B71A2 /* PBXContainerItemProxy */ = {
			isa = PBXContainerItemProxy;
			containerPortal = 4E378DC11986DC3A000B71A2 /* Project object */;
			proxyType = 1;
			remoteGlobalIDString = 4E378DC81986DC3A000B71A2;
			remoteInfo = Stackoverflow;
		};
/* End PBXContainerItemProxy section */

/* Begin PBXFileReference section */
		4E1AAD4D19870C2A00604D63 /* UserInfoTests.swift */ = {isa = PBXFileReference; fileEncoding = 4; lastKnownFileType = sourcecode.swift; path = UserInfoTests.swift; sourceTree = "<group>"; };
		4E1AAD4F19870E7000604D63 /* AnswerTests.swift */ = {isa = PBXFileReference; fileEncoding = 4; lastKnownFileType = sourcecode.swift; path = AnswerTests.swift; sourceTree = "<group>"; };
		4E1AAD5119870E7E00604D63 /* QuestionTests.swift */ = {isa = PBXFileReference; fileEncoding = 4; lastKnownFileType = sourcecode.swift; path = QuestionTests.swift; sourceTree = "<group>"; };
		4E1AAD5319870EC900604D63 /* answer-mock.json */ = {isa = PBXFileReference; fileEncoding = 4; lastKnownFileType = text.json; path = "answer-mock.json"; sourceTree = "<group>"; };
		4E1AAD5519870EF900604D63 /* user-mock.json */ = {isa = PBXFileReference; lastKnownFileType = text.json; path = "user-mock.json"; sourceTree = "<group>"; };
		4E378DC91986DC3A000B71A2 /* Stackoverflow.app */ = {isa = PBXFileReference; explicitFileType = wrapper.application; includeInIndex = 0; path = Stackoverflow.app; sourceTree = BUILT_PRODUCTS_DIR; };
		4E378DCD1986DC3A000B71A2 /* Info.plist */ = {isa = PBXFileReference; lastKnownFileType = text.plist.xml; path = Info.plist; sourceTree = "<group>"; };
		4E378DCE1986DC3A000B71A2 /* AppDelegate.swift */ = {isa = PBXFileReference; lastKnownFileType = sourcecode.swift; path = AppDelegate.swift; sourceTree = "<group>"; };
		4E378DD01986DC3A000B71A2 /* ViewController.swift */ = {isa = PBXFileReference; lastKnownFileType = sourcecode.swift; path = ViewController.swift; sourceTree = "<group>"; };
		4E378DD31986DC3A000B71A2 /* Base */ = {isa = PBXFileReference; lastKnownFileType = file.storyboard; name = Base; path = Base.lproj/Main.storyboard; sourceTree = "<group>"; };
		4E378DD51986DC3A000B71A2 /* Images.xcassets */ = {isa = PBXFileReference; lastKnownFileType = folder.assetcatalog; path = Images.xcassets; sourceTree = "<group>"; };
		4E378DDB1986DC3A000B71A2 /* StackoverflowTests.xctest */ = {isa = PBXFileReference; explicitFileType = wrapper.cfbundle; includeInIndex = 0; path = StackoverflowTests.xctest; sourceTree = BUILT_PRODUCTS_DIR; };
		4E378DE01986DC3A000B71A2 /* Info.plist */ = {isa = PBXFileReference; lastKnownFileType = text.plist.xml; path = Info.plist; sourceTree = "<group>"; };
		4E378DEC1986DDE3000B71A2 /* Question.swift */ = {isa = PBXFileReference; fileEncoding = 4; lastKnownFileType = sourcecode.swift; path = Question.swift; sourceTree = "<group>"; };
		4E378DEE1986DE9F000B71A2 /* StackoverflowTests.swift */ = {isa = PBXFileReference; fileEncoding = 4; lastKnownFileType = sourcecode.swift; path = StackoverflowTests.swift; sourceTree = "<group>"; };
		4E378DF11986E0E5000B71A2 /* UserInfo.swift */ = {isa = PBXFileReference; fileEncoding = 4; lastKnownFileType = sourcecode.swift; path = UserInfo.swift; sourceTree = "<group>"; };
		4E378DF31986E0FC000B71A2 /* Answer.swift */ = {isa = PBXFileReference; fileEncoding = 4; lastKnownFileType = sourcecode.swift; path = Answer.swift; sourceTree = "<group>"; };
		4E378DF81986E97F000B71A2 /* question-mock.json */ = {isa = PBXFileReference; fileEncoding = 4; lastKnownFileType = text.json; path = "question-mock.json"; sourceTree = "<group>"; };
		4E378DFB1986F7E7000B71A2 /* Stackoverflow.swift */ = {isa = PBXFileReference; fileEncoding = 4; lastKnownFileType = sourcecode.swift; path = Stackoverflow.swift; sourceTree = "<group>"; };
/* End PBXFileReference section */

/* Begin PBXFrameworksBuildPhase section */
		4E378DC61986DC3A000B71A2 /* Frameworks */ = {
			isa = PBXFrameworksBuildPhase;
			buildActionMask = 2147483647;
			files = (
			);
			runOnlyForDeploymentPostprocessing = 0;
		};
		4E378DD81986DC3A000B71A2 /* Frameworks */ = {
			isa = PBXFrameworksBuildPhase;
			buildActionMask = 2147483647;
			files = (
			);
			runOnlyForDeploymentPostprocessing = 0;
		};
/* End PBXFrameworksBuildPhase section */

/* Begin PBXGroup section */
		4E378DC01986DC3A000B71A2 = {
			isa = PBXGroup;
			children = (
				4E378DCB1986DC3A000B71A2 /* Stackoverflow */,
				4E378DDE1986DC3A000B71A2 /* StackoverflowTests */,
				4E378DCA1986DC3A000B71A2 /* Products */,
			);
			sourceTree = "<group>";
		};
		4E378DCA1986DC3A000B71A2 /* Products */ = {
			isa = PBXGroup;
			children = (
				4E378DC91986DC3A000B71A2 /* Stackoverflow.app */,
				4E378DDB1986DC3A000B71A2 /* StackoverflowTests.xctest */,
			);
			name = Products;
			sourceTree = "<group>";
		};
		4E378DCB1986DC3A000B71A2 /* Stackoverflow */ = {
			isa = PBXGroup;
			children = (
				4E378DEB1986DDAC000B71A2 /* Model */,
				4E378DCE1986DC3A000B71A2 /* AppDelegate.swift */,
				4E378DD01986DC3A000B71A2 /* ViewController.swift */,
				4E378DD21986DC3A000B71A2 /* Main.storyboard */,
				4E378DD51986DC3A000B71A2 /* Images.xcassets */,
				4E378DCC1986DC3A000B71A2 /* Supporting Files */,
			);
			path = Stackoverflow;
			sourceTree = "<group>";
		};
		4E378DCC1986DC3A000B71A2 /* Supporting Files */ = {
			isa = PBXGroup;
			children = (
				4E378DCD1986DC3A000B71A2 /* Info.plist */,
			);
			name = "Supporting Files";
			sourceTree = "<group>";
		};
		4E378DDE1986DC3A000B71A2 /* StackoverflowTests */ = {
			isa = PBXGroup;
			children = (
				4E1AAD4F19870E7000604D63 /* AnswerTests.swift */,
				4E378DEE1986DE9F000B71A2 /* StackoverflowTests.swift */,
				4E1AAD4D19870C2A00604D63 /* UserInfoTests.swift */,
				4E1AAD5119870E7E00604D63 /* QuestionTests.swift */,
				4E378DDF1986DC3A000B71A2 /* Supporting Files */,
			);
			path = StackoverflowTests;
			sourceTree = "<group>";
		};
		4E378DDF1986DC3A000B71A2 /* Supporting Files */ = {
			isa = PBXGroup;
			children = (
				4E378DE01986DC3A000B71A2 /* Info.plist */,
				4E378DF81986E97F000B71A2 /* question-mock.json */,
				4E1AAD5319870EC900604D63 /* answer-mock.json */,
				4E1AAD5519870EF900604D63 /* user-mock.json */,
			);
			name = "Supporting Files";
			sourceTree = "<group>";
		};
		4E378DEB1986DDAC000B71A2 /* Model */ = {
			isa = PBXGroup;
			children = (
				4E378DF31986E0FC000B71A2 /* Answer.swift */,
				4E378DEC1986DDE3000B71A2 /* Question.swift */,
				4E378DF11986E0E5000B71A2 /* UserInfo.swift */,
				4E378DFB1986F7E7000B71A2 /* Stackoverflow.swift */,
			);
			name = Model;
			sourceTree = "<group>";
		};
/* End PBXGroup section */

/* Begin PBXNativeTarget section */
		4E378DC81986DC3A000B71A2 /* Stackoverflow */ = {
			isa = PBXNativeTarget;
			buildConfigurationList = 4E378DE51986DC3A000B71A2 /* Build configuration list for PBXNativeTarget "Stackoverflow" */;
			buildPhases = (
				4E378DC51986DC3A000B71A2 /* Sources */,
				4E378DC61986DC3A000B71A2 /* Frameworks */,
				4E378DC71986DC3A000B71A2 /* Resources */,
			);
			buildRules = (
			);
			dependencies = (
			);
			name = Stackoverflow;
			productName = Stackoverflow;
			productReference = 4E378DC91986DC3A000B71A2 /* Stackoverflow.app */;
			productType = "com.apple.product-type.application";
		};
		4E378DDA1986DC3A000B71A2 /* StackoverflowTests */ = {
			isa = PBXNativeTarget;
			buildConfigurationList = 4E378DE81986DC3A000B71A2 /* Build configuration list for PBXNativeTarget "StackoverflowTests" */;
			buildPhases = (
				4E378DD71986DC3A000B71A2 /* Sources */,
				4E378DD81986DC3A000B71A2 /* Frameworks */,
				4E378DD91986DC3A000B71A2 /* Resources */,
			);
			buildRules = (
			);
			dependencies = (
				4E378DDD1986DC3A000B71A2 /* PBXTargetDependency */,
			);
			name = StackoverflowTests;
			productName = StackoverflowTests;
			productReference = 4E378DDB1986DC3A000B71A2 /* StackoverflowTests.xctest */;
			productType = "com.apple.product-type.bundle.unit-test";
		};
/* End PBXNativeTarget section */

/* Begin PBXProject section */
		4E378DC11986DC3A000B71A2 /* Project object */ = {
			isa = PBXProject;
			attributes = {
				LastUpgradeCheck = 0600;
				ORGANIZATIONNAME = Worxly;
				TargetAttributes = {
					4E378DC81986DC3A000B71A2 = {
						CreatedOnToolsVersion = 6.0;
					};
					4E378DDA1986DC3A000B71A2 = {
						CreatedOnToolsVersion = 6.0;
						TestTargetID = 4E378DC81986DC3A000B71A2;
					};
				};
			};
			buildConfigurationList = 4E378DC41986DC3A000B71A2 /* Build configuration list for PBXProject "Stackoverflow" */;
			compatibilityVersion = "Xcode 3.2";
			developmentRegion = English;
			hasScannedForEncodings = 0;
			knownRegions = (
				en,
				Base,
			);
			mainGroup = 4E378DC01986DC3A000B71A2;
			productRefGroup = 4E378DCA1986DC3A000B71A2 /* Products */;
			projectDirPath = "";
			projectRoot = "";
			targets = (
				4E378DC81986DC3A000B71A2 /* Stackoverflow */,
				4E378DDA1986DC3A000B71A2 /* StackoverflowTests */,
			);
		};
/* End PBXProject section */

/* Begin PBXResourcesBuildPhase section */
		4E378DC71986DC3A000B71A2 /* Resources */ = {
			isa = PBXResourcesBuildPhase;
			buildActionMask = 2147483647;
			files = (
				4E378DD41986DC3A000B71A2 /* Main.storyboard in Resources */,
				4E378DF91986E97F000B71A2 /* question-mock.json in Resources */,
				4E378DD61986DC3A000B71A2 /* Images.xcassets in Resources */,
			);
			runOnlyForDeploymentPostprocessing = 0;
		};
		4E378DD91986DC3A000B71A2 /* Resources */ = {
			isa = PBXResourcesBuildPhase;
			buildActionMask = 2147483647;
			files = (
				4E378DFA1986E97F000B71A2 /* question-mock.json in Resources */,
				4E1AAD5419870EC900604D63 /* answer-mock.json in Resources */,
			);
			runOnlyForDeploymentPostprocessing = 0;
		};
/* End PBXResourcesBuildPhase section */

/* Begin PBXSourcesBuildPhase section */
		4E378DC51986DC3A000B71A2 /* Sources */ = {
			isa = PBXSourcesBuildPhase;
			buildActionMask = 2147483647;
			files = (
				4E378DFC1986F7E7000B71A2 /* Stackoverflow.swift in Sources */,
				4E378DF21986E0E5000B71A2 /* UserInfo.swift in Sources */,
				4E378DED1986DDE3000B71A2 /* Question.swift in Sources */,
				4E378DF41986E0FC000B71A2 /* Answer.swift in Sources */,
				4E378DD11986DC3A000B71A2 /* ViewController.swift in Sources */,
				4E378DCF1986DC3A000B71A2 /* AppDelegate.swift in Sources */,
			);
			runOnlyForDeploymentPostprocessing = 0;
		};
		4E378DD71986DC3A000B71A2 /* Sources */ = {
			isa = PBXSourcesBuildPhase;
			buildActionMask = 2147483647;
			files = (
				4E378DF71986E501000B71A2 /* UserInfo.swift in Sources */,
				4E1AAD4E19870C2A00604D63 /* UserInfoTests.swift in Sources */,
				4E378DFD1986F831000B71A2 /* Stackoverflow.swift in Sources */,
				4E1AAD5019870E7000604D63 /* AnswerTests.swift in Sources */,
				4E1AAD5219870E7E00604D63 /* QuestionTests.swift in Sources */,
				4E378DF01986E01A000B71A2 /* Question.swift in Sources */,
				4E378DEF1986DE9F000B71A2 /* StackoverflowTests.swift in Sources */,
			);
			runOnlyForDeploymentPostprocessing = 0;
		};
/* End PBXSourcesBuildPhase section */

/* Begin PBXTargetDependency section */
		4E378DDD1986DC3A000B71A2 /* PBXTargetDependency */ = {
			isa = PBXTargetDependency;
			target = 4E378DC81986DC3A000B71A2 /* Stackoverflow */;
			targetProxy = 4E378DDC1986DC3A000B71A2 /* PBXContainerItemProxy */;
		};
/* End PBXTargetDependency section */

/* Begin PBXVariantGroup section */
		4E378DD21986DC3A000B71A2 /* Main.storyboard */ = {
			isa = PBXVariantGroup;
			children = (
				4E378DD31986DC3A000B71A2 /* Base */,
			);
			name = Main.storyboard;
			sourceTree = "<group>";
		};
/* End PBXVariantGroup section */

/* Begin XCBuildConfiguration section */
		4E378DE31986DC3A000B71A2 /* Debug */ = {
			isa = XCBuildConfiguration;
			buildSettings = {
				ALWAYS_SEARCH_USER_PATHS = NO;
				CLANG_CXX_LANGUAGE_STANDARD = "gnu++0x";
				CLANG_CXX_LIBRARY = "libc++";
				CLANG_ENABLE_MODULES = YES;
				CLANG_ENABLE_OBJC_ARC = YES;
				CLANG_WARN_BOOL_CONVERSION = YES;
				CLANG_WARN_CONSTANT_CONVERSION = YES;
				CLANG_WARN_DIRECT_OBJC_ISA_USAGE = YES_ERROR;
				CLANG_WARN_EMPTY_BODY = YES;
				CLANG_WARN_ENUM_CONVERSION = YES;
				CLANG_WARN_INT_CONVERSION = YES;
				CLANG_WARN_OBJC_ROOT_CLASS = YES_ERROR;
				CLANG_WARN_UNREACHABLE_CODE = YES;
				CLANG_WARN__DUPLICATE_METHOD_MATCH = YES;
				"CODE_SIGN_IDENTITY[sdk=iphoneos*]" = "iPhone Developer";
				COPY_PHASE_STRIP = NO;
				ENABLE_STRICT_OBJC_MSGSEND = YES;
				GCC_C_LANGUAGE_STANDARD = gnu99;
				GCC_DYNAMIC_NO_PIC = NO;
				GCC_OPTIMIZATION_LEVEL = 0;
				GCC_PREPROCESSOR_DEFINITIONS = (
					"DEBUG=1",
					"$(inherited)",
				);
				GCC_SYMBOLS_PRIVATE_EXTERN = NO;
				GCC_WARN_64_TO_32_BIT_CONVERSION = YES;
				GCC_WARN_ABOUT_RETURN_TYPE = YES_ERROR;
				GCC_WARN_UNDECLARED_SELECTOR = YES;
				GCC_WARN_UNINITIALIZED_AUTOS = YES_AGGRESSIVE;
				GCC_WARN_UNUSED_FUNCTION = YES;
				GCC_WARN_UNUSED_VARIABLE = YES;
				IPHONEOS_DEPLOYMENT_TARGET = 8.0;
				MTL_ENABLE_DEBUG_INFO = YES;
				ONLY_ACTIVE_ARCH = YES;
				SDKROOT = iphoneos;
				SWIFT_OPTIMIZATION_LEVEL = "-Onone";
				TARGETED_DEVICE_FAMILY = "1,2";
			};
			name = Debug;
		};
		4E378DE41986DC3A000B71A2 /* Release */ = {
			isa = XCBuildConfiguration;
			buildSettings = {
				ALWAYS_SEARCH_USER_PATHS = NO;
				CLANG_CXX_LANGUAGE_STANDARD = "gnu++0x";
				CLANG_CXX_LIBRARY = "libc++";
				CLANG_ENABLE_MODULES = YES;
				CLANG_ENABLE_OBJC_ARC = YES;
				CLANG_WARN_BOOL_CONVERSION = YES;
				CLANG_WARN_CONSTANT_CONVERSION = YES;
				CLANG_WARN_DIRECT_OBJC_ISA_USAGE = YES_ERROR;
				CLANG_WARN_EMPTY_BODY = YES;
				CLANG_WARN_ENUM_CONVERSION = YES;
				CLANG_WARN_INT_CONVERSION = YES;
				CLANG_WARN_OBJC_ROOT_CLASS = YES_ERROR;
				CLANG_WARN_UNREACHABLE_CODE = YES;
				CLANG_WARN__DUPLICATE_METHOD_MATCH = YES;
				"CODE_SIGN_IDENTITY[sdk=iphoneos*]" = "iPhone Developer";
				COPY_PHASE_STRIP = YES;
				ENABLE_NS_ASSERTIONS = NO;
				ENABLE_STRICT_OBJC_MSGSEND = YES;
				GCC_C_LANGUAGE_STANDARD = gnu99;
				GCC_WARN_64_TO_32_BIT_CONVERSION = YES;
				GCC_WARN_ABOUT_RETURN_TYPE = YES_ERROR;
				GCC_WARN_UNDECLARED_SELECTOR = YES;
				GCC_WARN_UNINITIALIZED_AUTOS = YES_AGGRESSIVE;
				GCC_WARN_UNUSED_FUNCTION = YES;
				GCC_WARN_UNUSED_VARIABLE = YES;
				IPHONEOS_DEPLOYMENT_TARGET = 8.0;
				MTL_ENABLE_DEBUG_INFO = NO;
				SDKROOT = iphoneos;
				TARGETED_DEVICE_FAMILY = "1,2";
				VALIDATE_PRODUCT = YES;
			};
			name = Release;
		};
		4E378DE61986DC3A000B71A2 /* Debug */ = {
			isa = XCBuildConfiguration;
			buildSettings = {
				ASSETCATALOG_COMPILER_APPICON_NAME = AppIcon;
				ASSETCATALOG_COMPILER_LAUNCHIMAGE_NAME = LaunchImage;
				INFOPLIST_FILE = Stackoverflow/Info.plist;
				LD_RUNPATH_SEARCH_PATHS = "$(inherited) @executable_path/Frameworks";
				PRODUCT_NAME = "$(TARGET_NAME)";
			};
			name = Debug;
		};
		4E378DE71986DC3A000B71A2 /* Release */ = {
			isa = XCBuildConfiguration;
			buildSettings = {
				ASSETCATALOG_COMPILER_APPICON_NAME = AppIcon;
				ASSETCATALOG_COMPILER_LAUNCHIMAGE_NAME = LaunchImage;
				INFOPLIST_FILE = Stackoverflow/Info.plist;
				LD_RUNPATH_SEARCH_PATHS = "$(inherited) @executable_path/Frameworks";
				PRODUCT_NAME = "$(TARGET_NAME)";
			};
			name = Release;
		};
		4E378DE91986DC3A000B71A2 /* Debug */ = {
			isa = XCBuildConfiguration;
			buildSettings = {
				BUNDLE_LOADER = "$(BUILT_PRODUCTS_DIR)/Stackoverflow.app/Stackoverflow";
				FRAMEWORK_SEARCH_PATHS = (
					"$(SDKROOT)/Developer/Library/Frameworks",
					"$(inherited)",
				);
				GCC_PREPROCESSOR_DEFINITIONS = (
					"DEBUG=1",
					"$(inherited)",
				);
				INFOPLIST_FILE = StackoverflowTests/Info.plist;
				LD_RUNPATH_SEARCH_PATHS = "$(inherited) @executable_path/Frameworks @loader_path/Frameworks";
				PRODUCT_NAME = "$(TARGET_NAME)";
				TEST_HOST = "$(BUNDLE_LOADER)";
			};
			name = Debug;
		};
		4E378DEA1986DC3A000B71A2 /* Release */ = {
			isa = XCBuildConfiguration;
			buildSettings = {
				BUNDLE_LOADER = "$(BUILT_PRODUCTS_DIR)/Stackoverflow.app/Stackoverflow";
				FRAMEWORK_SEARCH_PATHS = (
					"$(SDKROOT)/Developer/Library/Frameworks",
					"$(inherited)",
				);
				INFOPLIST_FILE = StackoverflowTests/Info.plist;
				LD_RUNPATH_SEARCH_PATHS = "$(inherited) @executable_path/Frameworks @loader_path/Frameworks";
				PRODUCT_NAME = "$(TARGET_NAME)";
				TEST_HOST = "$(BUNDLE_LOADER)";
			};
			name = Release;
		};
/* End XCBuildConfiguration section */

/* Begin XCConfigurationList section */
		4E378DC41986DC3A000B71A2 /* Build configuration list for PBXProject "Stackoverflow" */ = {
			isa = XCConfigurationList;
			buildConfigurations = (
				4E378DE31986DC3A000B71A2 /* Debug */,
				4E378DE41986DC3A000B71A2 /* Release */,
			);
			defaultConfigurationIsVisible = 0;
			defaultConfigurationName = Release;
		};
		4E378DE51986DC3A000B71A2 /* Build configuration list for PBXNativeTarget "Stackoverflow" */ = {
			isa = XCConfigurationList;
			buildConfigurations = (
				4E378DE61986DC3A000B71A2 /* Debug */,
				4E378DE71986DC3A000B71A2 /* Release */,
			);
			defaultConfigurationIsVisible = 0;
			defaultConfigurationName = Release;
		};
		4E378DE81986DC3A000B71A2 /* Build configuration list for PBXNativeTarget "StackoverflowTests" */ = {
			isa = XCConfigurationList;
			buildConfigurations = (
				4E378DE91986DC3A000B71A2 /* Debug */,
				4E378DEA1986DC3A000B71A2 /* Release */,
			);
			defaultConfigurationIsVisible = 0;
			defaultConfigurationName = Release;
		};
/* End XCConfigurationList section */
	};
	rootObject = 4E378DC11986DC3A000B71A2 /* Project object */;
}
